
Microsoft Visual Studio Solution File, Format Version 12.00
# Visual Studio Version 17
VisualStudioVersion = 17.2.32630.192
MinimumVisualStudioVersion = 10.0.40219.1
Project("{FAE04EC0-301F-11D3-BF4B-00C04F79EFBC}") = "CreditCalculator", "CreditCalculator\CreditCalculator.csproj", "{3B24CEC8-7737-43A0-9830-1A53DC9439DE}"
EndProject
Global
	GlobalSection(SolutionConfigurationPlatforms) = preSolution
		Debug|Any CPU = Debug|Any CPU
		Release|Any CPU = Release|Any CPU
	EndGlobalSection
	GlobalSection(ProjectConfigurationPlatforms) = postSolution
		{3B24CEC8-7737-43A0-9830-1A53DC9439DE}.Debug|Any CPU.ActiveCfg = Debug|Any CPU
		{3B24CEC8-7737-43A0-9830-1A53DC9439DE}.Debug|Any CPU.Build.0 = Debug|Any CPU
		{3B24CEC8-7737-43A0-9830-1A53DC9439DE}.Release|Any CPU.ActiveCfg = Release|Any CPU
		{3B24CEC8-7737-43A0-9830-1A53DC9439DE}.Release|Any CPU.Build.0 = Release|Any CPU
	EndGlobalSection
	GlobalSection(SolutionProperties) = preSolution
		HideSolutionNode = FALSE
	EndGlobalSection
	GlobalSection(ExtensibilityGlobals) = postSolution
		SolutionGuid = {61E69A73-E48A-4CC5-8970-37210570FC0A}
	EndGlobalSection
EndGlobal
